// !$*UTF8*$!
{
	archiveVersion = 1;
	classes = {
	};
	objectVersion = 50;
	objects = {

/* Begin PBXBuildFile section */
		0822F0472106BBD900B59C14 /* TitleView.xib in Resources */ = {isa = PBXBuildFile; fileRef = 0822F0462106BBD900B59C14 /* TitleView.xib */; };
		0822F0492106BF9D00B59C14 /* TitleView.swift in Sources */ = {isa = PBXBuildFile; fileRef = 0822F0482106BF9D00B59C14 /* TitleView.swift */; };
		0822F04F2106C6F200B59C14 /* LibraryViewController.swift in Sources */ = {isa = PBXBuildFile; fileRef = 0822F04E2106C6F200B59C14 /* LibraryViewController.swift */; };
		0822F0522106C7BE00B59C14 /* LibraryCell.swift in Sources */ = {isa = PBXBuildFile; fileRef = 0822F0502106C7BE00B59C14 /* LibraryCell.swift */; };
		0822F0532106C7BE00B59C14 /* LibraryCell.xib in Resources */ = {isa = PBXBuildFile; fileRef = 0822F0512106C7BE00B59C14 /* LibraryCell.xib */; };
		0822F0592106D12100B59C14 /* PlaylistViewController.swift in Sources */ = {isa = PBXBuildFile; fileRef = 0822F0582106D12100B59C14 /* PlaylistViewController.swift */; };
		0822F05A2106DF6300B59C14 /* ImageButton.swift in Sources */ = {isa = PBXBuildFile; fileRef = 1BE709CE2101E22E00B855B6 /* ImageButton.swift */; };
		0822F05D2106E10A00B59C14 /* PlaylistCell.swift in Sources */ = {isa = PBXBuildFile; fileRef = 0822F05B2106E10A00B59C14 /* PlaylistCell.swift */; };
		0822F05E2106E10A00B59C14 /* PlaylistCell.xib in Resources */ = {isa = PBXBuildFile; fileRef = 0822F05C2106E10A00B59C14 /* PlaylistCell.xib */; };
		0822F06421071B5F00B59C14 /* ListSongViewController.swift in Sources */ = {isa = PBXBuildFile; fileRef = 0822F06321071B5F00B59C14 /* ListSongViewController.swift */; };
		08307786210191320005DEF8 /* AppDelegate.swift in Sources */ = {isa = PBXBuildFile; fileRef = 08307785210191320005DEF8 /* AppDelegate.swift */; };
		0830778B210191320005DEF8 /* Main.storyboard in Resources */ = {isa = PBXBuildFile; fileRef = 08307789210191320005DEF8 /* Main.storyboard */; };
		0830778E210191320005DEF8 /* SoundCloud.xcdatamodeld in Sources */ = {isa = PBXBuildFile; fileRef = 0830778C210191320005DEF8 /* SoundCloud.xcdatamodeld */; };
		08307790210191320005DEF8 /* Assets.xcassets in Resources */ = {isa = PBXBuildFile; fileRef = 0830778F210191320005DEF8 /* Assets.xcassets */; };
		08307793210191320005DEF8 /* LaunchScreen.storyboard in Resources */ = {isa = PBXBuildFile; fileRef = 08307791210191320005DEF8 /* LaunchScreen.storyboard */; };
		083077A02101DA470005DEF8 /* HomeCollectionViewCell.swift in Sources */ = {isa = PBXBuildFile; fileRef = 0830779E2101DA470005DEF8 /* HomeCollectionViewCell.swift */; };
		083077A12101DA470005DEF8 /* HomeCollectionViewCell.xib in Resources */ = {isa = PBXBuildFile; fileRef = 0830779F2101DA470005DEF8 /* HomeCollectionViewCell.xib */; };
		083077A32101DBB90005DEF8 /* HomeViewController.swift in Sources */ = {isa = PBXBuildFile; fileRef = 083077A22101DBB90005DEF8 /* HomeViewController.swift */; };
		083077A62101DC4D0005DEF8 /* HomeTableViewCell.swift in Sources */ = {isa = PBXBuildFile; fileRef = 083077A42101DC4D0005DEF8 /* HomeTableViewCell.swift */; };
		083077A72101DC4D0005DEF8 /* HomeTableViewCell.xib in Resources */ = {isa = PBXBuildFile; fileRef = 083077A52101DC4D0005DEF8 /* HomeTableViewCell.xib */; };
		08368F0721096AEC00DCD0B1 /* APIKey.swift in Sources */ = {isa = PBXBuildFile; fileRef = 08368F0621096AEC00DCD0B1 /* APIKey.swift */; };
		08368F0921097FEA00DCD0B1 /* Genre.swift in Sources */ = {isa = PBXBuildFile; fileRef = 08368F0821097FEA00DCD0B1 /* Genre.swift */; };
		08368F0C2109839300DCD0B1 /* ViewControllerExtension.swift in Sources */ = {isa = PBXBuildFile; fileRef = 08368F0B2109839300DCD0B1 /* ViewControllerExtension.swift */; };
		08475DEE2105E3520081D72A /* SearchViewController.swift in Sources */ = {isa = PBXBuildFile; fileRef = 08475DED2105E3520081D72A /* SearchViewController.swift */; };
		08475DF32105E4330081D72A /* ResultSearchCell.swift in Sources */ = {isa = PBXBuildFile; fileRef = 08475DF12105E4330081D72A /* ResultSearchCell.swift */; };
		08475DF42105E4330081D72A /* ResultSearchCell.xib in Resources */ = {isa = PBXBuildFile; fileRef = 08475DF22105E4330081D72A /* ResultSearchCell.xib */; };
		08475DF62105F2600081D72A /* ResultSearchView.xib in Resources */ = {isa = PBXBuildFile; fileRef = 08475DF52105F2600081D72A /* ResultSearchView.xib */; };
		08475DF82105F2740081D72A /* ResultSearchView.swift in Sources */ = {isa = PBXBuildFile; fileRef = 08475DF72105F2740081D72A /* ResultSearchView.swift */; };
		08475DFA21060F240081D72A /* SuggestionSearchView.xib in Resources */ = {isa = PBXBuildFile; fileRef = 08475DF921060F240081D72A /* SuggestionSearchView.xib */; };
		08475DFC210613EA0081D72A /* SuggestionSearchView.swift in Sources */ = {isa = PBXBuildFile; fileRef = 08475DFB210613EA0081D72A /* SuggestionSearchView.swift */; };
		08475DFF2106152F0081D72A /* HistorySearchCell.swift in Sources */ = {isa = PBXBuildFile; fileRef = 08475DFD2106152F0081D72A /* HistorySearchCell.swift */; };
		08475E002106152F0081D72A /* HistorySearchCell.xib in Resources */ = {isa = PBXBuildFile; fileRef = 08475DFE2106152F0081D72A /* HistorySearchCell.xib */; };
		084F4026210ACCA3006E8415 /* SearchRequest.swift in Sources */ = {isa = PBXBuildFile; fileRef = 084F4025210ACCA3006E8415 /* SearchRequest.swift */; };
		084F402A210AD199006E8415 /* BaseRequest.swift in Sources */ = {isa = PBXBuildFile; fileRef = 084F4029210AD199006E8415 /* BaseRequest.swift */; };
		084F402C210AD1CC006E8415 /* GenreRequest.swift in Sources */ = {isa = PBXBuildFile; fileRef = 084F402B210AD1CC006E8415 /* GenreRequest.swift */; };
		084F4030210AD715006E8415 /* SearchResponse.swift in Sources */ = {isa = PBXBuildFile; fileRef = 084F402F210AD715006E8415 /* SearchResponse.swift */; };
		084F4032210AF8ED006E8415 /* TrackSearch.swift in Sources */ = {isa = PBXBuildFile; fileRef = 084F4031210AF8ED006E8415 /* TrackSearch.swift */; };
		084F4034210B0D66006E8415 /* SearchBarExtension.swift in Sources */ = {isa = PBXBuildFile; fileRef = 084F4033210B0D66006E8415 /* SearchBarExtension.swift */; };
		084F4036210B246A006E8415 /* ButtonExtension.swift in Sources */ = {isa = PBXBuildFile; fileRef = 084F4035210B246A006E8415 /* ButtonExtension.swift */; };
		08C0428A210AB07700003C6C /* Networking.swift in Sources */ = {isa = PBXBuildFile; fileRef = 08C04289210AB07700003C6C /* Networking.swift */; };
		1B3010E5210ACD0400354549 /* PlaySongManager.swift in Sources */ = {isa = PBXBuildFile; fileRef = 1B3010E4210ACD0400354549 /* PlaySongManager.swift */; };
		1B4BB1E221084CEB002F6503 /* APIManager.swift in Sources */ = {isa = PBXBuildFile; fileRef = 1B4BB1E121084CEB002F6503 /* APIManager.swift */; };
		1B4BB1E6210864B8002F6503 /* BaseError.swift in Sources */ = {isa = PBXBuildFile; fileRef = 1B4BB1E5210864B8002F6503 /* BaseError.swift */; };
		1B4BB1E821086653002F6503 /* ErrorResponse.swift in Sources */ = {isa = PBXBuildFile; fileRef = 1B4BB1E721086653002F6503 /* ErrorResponse.swift */; };
		1B4BB1EB21086F14002F6503 /* BaseResult.swift in Sources */ = {isa = PBXBuildFile; fileRef = 1B4BB1EA21086F14002F6503 /* BaseResult.swift */; };
		1B4BB1ED21087308002F6503 /* Track.swift in Sources */ = {isa = PBXBuildFile; fileRef = 1B4BB1EC21087308002F6503 /* Track.swift */; };
		1B545E0121080E2200315EB1 /* BaseAPIRouter.swift in Sources */ = {isa = PBXBuildFile; fileRef = 1B545E0021080E2200315EB1 /* BaseAPIRouter.swift */; };
		1B545E062108116C00315EB1 /* GeneralAPIRouter.swift in Sources */ = {isa = PBXBuildFile; fileRef = 1B545E052108116C00315EB1 /* GeneralAPIRouter.swift */; };
		1B545E0921082E1D00315EB1 /* Constants.swift in Sources */ = {isa = PBXBuildFile; fileRef = 1B545E0821082E1D00315EB1 /* Constants.swift */; };
		1B6F88EF2105CE5D00CEB660 /* PlaySongViewController.swift in Sources */ = {isa = PBXBuildFile; fileRef = 1B6F88EE2105CE5D00CEB660 /* PlaySongViewController.swift */; };
		1BCAA802210955AA00A389B9 /* HTTPStatusCode.swift in Sources */ = {isa = PBXBuildFile; fileRef = 1BCAA801210955AA00A389B9 /* HTTPStatusCode.swift */; };
		1BCAA8082109B92900A389B9 /* Utils.swift in Sources */ = {isa = PBXBuildFile; fileRef = 1BCAA8072109B92900A389B9 /* Utils.swift */; };
		1BCFE520210EAA73005D341C /* AnimationRotationViewController.swift in Sources */ = {isa = PBXBuildFile; fileRef = 1BCFE51F210EAA73005D341C /* AnimationRotationViewController.swift */; };
		1BCFE524210EAB73005D341C /* ImageViewExtension.swift in Sources */ = {isa = PBXBuildFile; fileRef = 1BCFE523210EAB73005D341C /* ImageViewExtension.swift */; };
		1BD6D3912106E0BB0085F699 /* CurrentSongPlaying.xib in Resources */ = {isa = PBXBuildFile; fileRef = 1BD6D3902106E0BB0085F699 /* CurrentSongPlaying.xib */; };
		1BE709C72101DF7300B855B6 /* Extra.storyboard in Resources */ = {isa = PBXBuildFile; fileRef = 1BE709C62101DF7300B855B6 /* Extra.storyboard */; };
		1BE709CD2101E08100B855B6 /* ImageButton.xib in Resources */ = {isa = PBXBuildFile; fileRef = 1BE709CC2101E08100B855B6 /* ImageButton.xib */; };
		1BE709D12101E81A00B855B6 /* CustomTabbarViewController.swift in Sources */ = {isa = PBXBuildFile; fileRef = 1BE709D02101E81A00B855B6 /* CustomTabbarViewController.swift */; };
		1BFCC86E2106E3C600A509B8 /* CurrentSongPlaying.swift in Sources */ = {isa = PBXBuildFile; fileRef = 1BFCC86D2106E3C600A509B8 /* CurrentSongPlaying.swift */; };
		1BFCC87521070D1100A509B8 /* CurrentPlaylistViewController.swift in Sources */ = {isa = PBXBuildFile; fileRef = 1BFCC87421070D1100A509B8 /* CurrentPlaylistViewController.swift */; };
		1BFCC87C21071EC700A509B8 /* CurrentPlaylistTableViewCell.swift in Sources */ = {isa = PBXBuildFile; fileRef = 1BFCC87A21071EC700A509B8 /* CurrentPlaylistTableViewCell.swift */; };
		1BFCC87D21071EC700A509B8 /* CurrentPlaylistTableViewCell.xib in Resources */ = {isa = PBXBuildFile; fileRef = 1BFCC87B21071EC700A509B8 /* CurrentPlaylistTableViewCell.xib */; };
		278EA233124D7E42DCADAB73 /* Pods_SoundCloud.framework in Frameworks */ = {isa = PBXBuildFile; fileRef = 2967ECDA7E5A61F4F85185AB /* Pods_SoundCloud.framework */; };
/* End PBXBuildFile section */

/* Begin PBXFileReference section */
		0822F0462106BBD900B59C14 /* TitleView.xib */ = {isa = PBXFileReference; lastKnownFileType = file.xib; path = TitleView.xib; sourceTree = "<group>"; };
		0822F0482106BF9D00B59C14 /* TitleView.swift */ = {isa = PBXFileReference; lastKnownFileType = sourcecode.swift; path = TitleView.swift; sourceTree = "<group>"; };
		0822F04E2106C6F200B59C14 /* LibraryViewController.swift */ = {isa = PBXFileReference; lastKnownFileType = sourcecode.swift; path = LibraryViewController.swift; sourceTree = "<group>"; };
		0822F0502106C7BE00B59C14 /* LibraryCell.swift */ = {isa = PBXFileReference; lastKnownFileType = sourcecode.swift; path = LibraryCell.swift; sourceTree = "<group>"; };
		0822F0512106C7BE00B59C14 /* LibraryCell.xib */ = {isa = PBXFileReference; lastKnownFileType = file.xib; path = LibraryCell.xib; sourceTree = "<group>"; };
		0822F0582106D12100B59C14 /* PlaylistViewController.swift */ = {isa = PBXFileReference; lastKnownFileType = sourcecode.swift; path = PlaylistViewController.swift; sourceTree = "<group>"; };
		0822F05B2106E10A00B59C14 /* PlaylistCell.swift */ = {isa = PBXFileReference; lastKnownFileType = sourcecode.swift; path = PlaylistCell.swift; sourceTree = "<group>"; };
		0822F05C2106E10A00B59C14 /* PlaylistCell.xib */ = {isa = PBXFileReference; lastKnownFileType = file.xib; path = PlaylistCell.xib; sourceTree = "<group>"; };
		0822F06321071B5F00B59C14 /* ListSongViewController.swift */ = {isa = PBXFileReference; lastKnownFileType = sourcecode.swift; path = ListSongViewController.swift; sourceTree = "<group>"; };
		08307782210191320005DEF8 /* SoundCloud.app */ = {isa = PBXFileReference; explicitFileType = wrapper.application; includeInIndex = 0; path = SoundCloud.app; sourceTree = BUILT_PRODUCTS_DIR; };
		08307785210191320005DEF8 /* AppDelegate.swift */ = {isa = PBXFileReference; lastKnownFileType = sourcecode.swift; path = AppDelegate.swift; sourceTree = "<group>"; };
		0830778A210191320005DEF8 /* Base */ = {isa = PBXFileReference; lastKnownFileType = file.storyboard; name = Base; path = Base.lproj/Main.storyboard; sourceTree = "<group>"; };
		0830778D210191320005DEF8 /* SoundCloud.xcdatamodel */ = {isa = PBXFileReference; lastKnownFileType = wrapper.xcdatamodel; path = SoundCloud.xcdatamodel; sourceTree = "<group>"; };
		0830778F210191320005DEF8 /* Assets.xcassets */ = {isa = PBXFileReference; lastKnownFileType = folder.assetcatalog; path = Assets.xcassets; sourceTree = "<group>"; };
		08307792210191320005DEF8 /* Base */ = {isa = PBXFileReference; lastKnownFileType = file.storyboard; name = Base; path = Base.lproj/LaunchScreen.storyboard; sourceTree = "<group>"; };
		08307794210191320005DEF8 /* Info.plist */ = {isa = PBXFileReference; lastKnownFileType = text.plist.xml; path = Info.plist; sourceTree = "<group>"; };
		0830779E2101DA470005DEF8 /* HomeCollectionViewCell.swift */ = {isa = PBXFileReference; lastKnownFileType = sourcecode.swift; path = HomeCollectionViewCell.swift; sourceTree = "<group>"; };
		0830779F2101DA470005DEF8 /* HomeCollectionViewCell.xib */ = {isa = PBXFileReference; lastKnownFileType = file.xib; path = HomeCollectionViewCell.xib; sourceTree = "<group>"; };
		083077A22101DBB90005DEF8 /* HomeViewController.swift */ = {isa = PBXFileReference; lastKnownFileType = sourcecode.swift; path = HomeViewController.swift; sourceTree = "<group>"; };
		083077A42101DC4D0005DEF8 /* HomeTableViewCell.swift */ = {isa = PBXFileReference; lastKnownFileType = sourcecode.swift; path = HomeTableViewCell.swift; sourceTree = "<group>"; };
		083077A52101DC4D0005DEF8 /* HomeTableViewCell.xib */ = {isa = PBXFileReference; lastKnownFileType = file.xib; path = HomeTableViewCell.xib; sourceTree = "<group>"; };
		08368F0621096AEC00DCD0B1 /* APIKey.swift */ = {isa = PBXFileReference; fileEncoding = 4; lastKnownFileType = sourcecode.swift; path = APIKey.swift; sourceTree = "<group>"; };
		08368F0821097FEA00DCD0B1 /* Genre.swift */ = {isa = PBXFileReference; lastKnownFileType = sourcecode.swift; path = Genre.swift; sourceTree = "<group>"; };
		08368F0B2109839300DCD0B1 /* ViewControllerExtension.swift */ = {isa = PBXFileReference; lastKnownFileType = sourcecode.swift; path = ViewControllerExtension.swift; sourceTree = "<group>"; };
		08475DED2105E3520081D72A /* SearchViewController.swift */ = {isa = PBXFileReference; lastKnownFileType = sourcecode.swift; path = SearchViewController.swift; sourceTree = "<group>"; };
		08475DF12105E4330081D72A /* ResultSearchCell.swift */ = {isa = PBXFileReference; lastKnownFileType = sourcecode.swift; path = ResultSearchCell.swift; sourceTree = "<group>"; };
		08475DF22105E4330081D72A /* ResultSearchCell.xib */ = {isa = PBXFileReference; lastKnownFileType = file.xib; path = ResultSearchCell.xib; sourceTree = "<group>"; };
		08475DF52105F2600081D72A /* ResultSearchView.xib */ = {isa = PBXFileReference; lastKnownFileType = file.xib; path = ResultSearchView.xib; sourceTree = "<group>"; };
		08475DF72105F2740081D72A /* ResultSearchView.swift */ = {isa = PBXFileReference; lastKnownFileType = sourcecode.swift; path = ResultSearchView.swift; sourceTree = "<group>"; };
		08475DF921060F240081D72A /* SuggestionSearchView.xib */ = {isa = PBXFileReference; lastKnownFileType = file.xib; path = SuggestionSearchView.xib; sourceTree = "<group>"; };
		08475DFB210613EA0081D72A /* SuggestionSearchView.swift */ = {isa = PBXFileReference; lastKnownFileType = sourcecode.swift; path = SuggestionSearchView.swift; sourceTree = "<group>"; };
		08475DFD2106152F0081D72A /* HistorySearchCell.swift */ = {isa = PBXFileReference; lastKnownFileType = sourcecode.swift; path = HistorySearchCell.swift; sourceTree = "<group>"; };
		08475DFE2106152F0081D72A /* HistorySearchCell.xib */ = {isa = PBXFileReference; lastKnownFileType = file.xib; path = HistorySearchCell.xib; sourceTree = "<group>"; };
		084F4025210ACCA3006E8415 /* SearchRequest.swift */ = {isa = PBXFileReference; lastKnownFileType = sourcecode.swift; path = SearchRequest.swift; sourceTree = "<group>"; };
		084F4029210AD199006E8415 /* BaseRequest.swift */ = {isa = PBXFileReference; lastKnownFileType = sourcecode.swift; path = BaseRequest.swift; sourceTree = "<group>"; };
		084F402B210AD1CC006E8415 /* GenreRequest.swift */ = {isa = PBXFileReference; lastKnownFileType = sourcecode.swift; path = GenreRequest.swift; sourceTree = "<group>"; };
		084F402F210AD715006E8415 /* SearchResponse.swift */ = {isa = PBXFileReference; lastKnownFileType = sourcecode.swift; path = SearchResponse.swift; sourceTree = "<group>"; };
		084F4031210AF8ED006E8415 /* TrackSearch.swift */ = {isa = PBXFileReference; lastKnownFileType = sourcecode.swift; path = TrackSearch.swift; sourceTree = "<group>"; };
		084F4033210B0D66006E8415 /* SearchBarExtension.swift */ = {isa = PBXFileReference; lastKnownFileType = sourcecode.swift; path = SearchBarExtension.swift; sourceTree = "<group>"; };
		084F4035210B246A006E8415 /* ButtonExtension.swift */ = {isa = PBXFileReference; lastKnownFileType = sourcecode.swift; path = ButtonExtension.swift; sourceTree = "<group>"; };
		08C04289210AB07700003C6C /* Networking.swift */ = {isa = PBXFileReference; lastKnownFileType = sourcecode.swift; path = Networking.swift; sourceTree = "<group>"; };
		1B3010E4210ACD0400354549 /* PlaySongManager.swift */ = {isa = PBXFileReference; lastKnownFileType = sourcecode.swift; path = PlaySongManager.swift; sourceTree = "<group>"; };
		1B4BB1E121084CEB002F6503 /* APIManager.swift */ = {isa = PBXFileReference; lastKnownFileType = sourcecode.swift; path = APIManager.swift; sourceTree = "<group>"; };
		1B4BB1E5210864B8002F6503 /* BaseError.swift */ = {isa = PBXFileReference; lastKnownFileType = sourcecode.swift; path = BaseError.swift; sourceTree = "<group>"; };
		1B4BB1E721086653002F6503 /* ErrorResponse.swift */ = {isa = PBXFileReference; lastKnownFileType = sourcecode.swift; path = ErrorResponse.swift; sourceTree = "<group>"; };
		1B4BB1EA21086F14002F6503 /* BaseResult.swift */ = {isa = PBXFileReference; lastKnownFileType = sourcecode.swift; path = BaseResult.swift; sourceTree = "<group>"; };
		1B4BB1EC21087308002F6503 /* Track.swift */ = {isa = PBXFileReference; lastKnownFileType = sourcecode.swift; path = Track.swift; sourceTree = "<group>"; };
		1B545E0021080E2200315EB1 /* BaseAPIRouter.swift */ = {isa = PBXFileReference; lastKnownFileType = sourcecode.swift; path = BaseAPIRouter.swift; sourceTree = "<group>"; };
		1B545E052108116C00315EB1 /* GeneralAPIRouter.swift */ = {isa = PBXFileReference; lastKnownFileType = sourcecode.swift; path = GeneralAPIRouter.swift; sourceTree = "<group>"; };
		1B545E0821082E1D00315EB1 /* Constants.swift */ = {isa = PBXFileReference; lastKnownFileType = sourcecode.swift; path = Constants.swift; sourceTree = "<group>"; };
		1B6F88EE2105CE5D00CEB660 /* PlaySongViewController.swift */ = {isa = PBXFileReference; lastKnownFileType = sourcecode.swift; path = PlaySongViewController.swift; sourceTree = "<group>"; };
		1BCAA801210955AA00A389B9 /* HTTPStatusCode.swift */ = {isa = PBXFileReference; lastKnownFileType = sourcecode.swift; path = HTTPStatusCode.swift; sourceTree = "<group>"; };
		1BCAA8072109B92900A389B9 /* Utils.swift */ = {isa = PBXFileReference; lastKnownFileType = sourcecode.swift; path = Utils.swift; sourceTree = "<group>"; };
		1BCFE51F210EAA73005D341C /* AnimationRotationViewController.swift */ = {isa = PBXFileReference; lastKnownFileType = sourcecode.swift; path = AnimationRotationViewController.swift; sourceTree = "<group>"; };
		1BCFE523210EAB73005D341C /* ImageViewExtension.swift */ = {isa = PBXFileReference; lastKnownFileType = sourcecode.swift; path = ImageViewExtension.swift; sourceTree = "<group>"; };
		1BD6D3902106E0BB0085F699 /* CurrentSongPlaying.xib */ = {isa = PBXFileReference; lastKnownFileType = file.xib; path = CurrentSongPlaying.xib; sourceTree = "<group>"; };
		1BE709C62101DF7300B855B6 /* Extra.storyboard */ = {isa = PBXFileReference; lastKnownFileType = file.storyboard; path = Extra.storyboard; sourceTree = "<group>"; };
		1BE709CC2101E08100B855B6 /* ImageButton.xib */ = {isa = PBXFileReference; lastKnownFileType = file.xib; path = ImageButton.xib; sourceTree = "<group>"; };
		1BE709CE2101E22E00B855B6 /* ImageButton.swift */ = {isa = PBXFileReference; lastKnownFileType = sourcecode.swift; path = ImageButton.swift; sourceTree = "<group>"; };
		1BE709D02101E81A00B855B6 /* CustomTabbarViewController.swift */ = {isa = PBXFileReference; lastKnownFileType = sourcecode.swift; path = CustomTabbarViewController.swift; sourceTree = "<group>"; };
		1BFCC86D2106E3C600A509B8 /* CurrentSongPlaying.swift */ = {isa = PBXFileReference; lastKnownFileType = sourcecode.swift; path = CurrentSongPlaying.swift; sourceTree = "<group>"; };
		1BFCC87421070D1100A509B8 /* CurrentPlaylistViewController.swift */ = {isa = PBXFileReference; lastKnownFileType = sourcecode.swift; path = CurrentPlaylistViewController.swift; sourceTree = "<group>"; };
		1BFCC87A21071EC700A509B8 /* CurrentPlaylistTableViewCell.swift */ = {isa = PBXFileReference; lastKnownFileType = sourcecode.swift; path = CurrentPlaylistTableViewCell.swift; sourceTree = "<group>"; };
		1BFCC87B21071EC700A509B8 /* CurrentPlaylistTableViewCell.xib */ = {isa = PBXFileReference; lastKnownFileType = file.xib; path = CurrentPlaylistTableViewCell.xib; sourceTree = "<group>"; };
		2967ECDA7E5A61F4F85185AB /* Pods_SoundCloud.framework */ = {isa = PBXFileReference; explicitFileType = wrapper.framework; includeInIndex = 0; path = Pods_SoundCloud.framework; sourceTree = BUILT_PRODUCTS_DIR; };
		C5771D31AB662973F009C49F /* Pods-SoundCloud.debug.xcconfig */ = {isa = PBXFileReference; includeInIndex = 1; lastKnownFileType = text.xcconfig; name = "Pods-SoundCloud.debug.xcconfig"; path = "Pods/Target Support Files/Pods-SoundCloud/Pods-SoundCloud.debug.xcconfig"; sourceTree = "<group>"; };
		FA5A8C4C5D7C5E79DB85F8C6 /* Pods-SoundCloud.release.xcconfig */ = {isa = PBXFileReference; includeInIndex = 1; lastKnownFileType = text.xcconfig; name = "Pods-SoundCloud.release.xcconfig"; path = "Pods/Target Support Files/Pods-SoundCloud/Pods-SoundCloud.release.xcconfig"; sourceTree = "<group>"; };
/* End PBXFileReference section */

/* Begin PBXFrameworksBuildPhase section */
		0830777F210191320005DEF8 /* Frameworks */ = {
			isa = PBXFrameworksBuildPhase;
			buildActionMask = 2147483647;
			files = (
				278EA233124D7E42DCADAB73 /* Pods_SoundCloud.framework in Frameworks */,
			);
			runOnlyForDeploymentPostprocessing = 0;
		};
/* End PBXFrameworksBuildPhase section */

/* Begin PBXGroup section */
		0822F0452106BBB700B59C14 /* TitleView */ = {
			isa = PBXGroup;
			children = (
				0822F0462106BBD900B59C14 /* TitleView.xib */,
				0822F0482106BF9D00B59C14 /* TitleView.swift */,
			);
			path = TitleView;
			sourceTree = "<group>";
		};
		0822F04A2106C69700B59C14 /* Library */ = {
			isa = PBXGroup;
			children = (
				0822F04D2106C6B800B59C14 /* Controller */,
				0822F04C2106C6B300B59C14 /* View */,
				0822F04B2106C6AC00B59C14 /* Model */,
			);
			path = Library;
			sourceTree = "<group>";
		};
		0822F04B2106C6AC00B59C14 /* Model */ = {
			isa = PBXGroup;
			children = (
			);
			path = Model;
			sourceTree = "<group>";
		};
		0822F04C2106C6B300B59C14 /* View */ = {
			isa = PBXGroup;
			children = (
				0822F0502106C7BE00B59C14 /* LibraryCell.swift */,
				0822F0512106C7BE00B59C14 /* LibraryCell.xib */,
			);
			path = View;
			sourceTree = "<group>";
		};
		0822F04D2106C6B800B59C14 /* Controller */ = {
			isa = PBXGroup;
			children = (
				0822F04E2106C6F200B59C14 /* LibraryViewController.swift */,
			);
			path = Controller;
			sourceTree = "<group>";
		};
		0822F0542106D0F100B59C14 /* Playlist */ = {
			isa = PBXGroup;
			children = (
				0822F0572106D10100B59C14 /* Controller */,
				0822F0562106D0FC00B59C14 /* View */,
				0822F0552106D0F800B59C14 /* Model */,
			);
			path = Playlist;
			sourceTree = "<group>";
		};
		0822F0552106D0F800B59C14 /* Model */ = {
			isa = PBXGroup;
			children = (
			);
			path = Model;
			sourceTree = "<group>";
		};
		0822F0562106D0FC00B59C14 /* View */ = {
			isa = PBXGroup;
			children = (
				0822F05B2106E10A00B59C14 /* PlaylistCell.swift */,
				0822F05C2106E10A00B59C14 /* PlaylistCell.xib */,
			);
			path = View;
			sourceTree = "<group>";
		};
		0822F0572106D10100B59C14 /* Controller */ = {
			isa = PBXGroup;
			children = (
				0822F0582106D12100B59C14 /* PlaylistViewController.swift */,
			);
			path = Controller;
			sourceTree = "<group>";
		};
		0822F05F21071B2600B59C14 /* ListSong */ = {
			isa = PBXGroup;
			children = (
				0822F06221071B4A00B59C14 /* Controller */,
				0822F06121071B4500B59C14 /* View */,
				0822F06021071B3F00B59C14 /* Model */,
			);
			path = ListSong;
			sourceTree = "<group>";
		};
		0822F06021071B3F00B59C14 /* Model */ = {
			isa = PBXGroup;
			children = (
			);
			path = Model;
			sourceTree = "<group>";
		};
		0822F06121071B4500B59C14 /* View */ = {
			isa = PBXGroup;
			children = (
			);
			path = View;
			sourceTree = "<group>";
		};
		0822F06221071B4A00B59C14 /* Controller */ = {
			isa = PBXGroup;
			children = (
				0822F06321071B5F00B59C14 /* ListSongViewController.swift */,
			);
			path = Controller;
			sourceTree = "<group>";
		};
		08307779210191320005DEF8 = {
			isa = PBXGroup;
			children = (
				08307784210191320005DEF8 /* SoundCloud */,
				08307783210191320005DEF8 /* Products */,
				6D30DDA5BF10B926F46E94B8 /* Pods */,
				7228CEF88F6BEF6350125E25 /* Frameworks */,
			);
			sourceTree = "<group>";
		};
		08307783210191320005DEF8 /* Products */ = {
			isa = PBXGroup;
			children = (
				08307782210191320005DEF8 /* SoundCloud.app */,
			);
			name = Products;
			sourceTree = "<group>";
		};
		08307784210191320005DEF8 /* SoundCloud */ = {
			isa = PBXGroup;
			children = (
				08368F0A2109837800DCD0B1 /* Extension */,
				0822F05F21071B2600B59C14 /* ListSong */,
				1B545E0721082DF700315EB1 /* Utils */,
				1B545DFF21080C5900315EB1 /* API Manager */,
				0822F0542106D0F100B59C14 /* Playlist */,
				0822F04A2106C69700B59C14 /* Library */,
				0822F0452106BBB700B59C14 /* TitleView */,
				1BFCC86F21070AFE00A509B8 /* CurrentPlaylist */,
				1BD6D38D2106E0840085F699 /* CurrentSongPlaying */,
				08475DE72105DFF90081D72A /* Search */,
				1BD6D3842106B7510085F699 /* CommonView */,
				1B6F88EB2105C6BF00CEB660 /* PlayingSong */,
				0830779A2101D9C50005DEF8 /* Home */,
				1BE709C82101E03B00B855B6 /* CustomTabbar */,
				08307785210191320005DEF8 /* AppDelegate.swift */,
				08307789210191320005DEF8 /* Main.storyboard */,
				0830778F210191320005DEF8 /* Assets.xcassets */,
				1BE709C62101DF7300B855B6 /* Extra.storyboard */,
				08307791210191320005DEF8 /* LaunchScreen.storyboard */,
				08307794210191320005DEF8 /* Info.plist */,
				0830778C210191320005DEF8 /* SoundCloud.xcdatamodeld */,
			);
			path = SoundCloud;
			sourceTree = "<group>";
		};
		0830779A2101D9C50005DEF8 /* Home */ = {
			isa = PBXGroup;
			children = (
				0830779D2101DA0A0005DEF8 /* Controller */,
				0830779C2101DA030005DEF8 /* View */,
				0830779B2101D9FA0005DEF8 /* Model */,
			);
			path = Home;
			sourceTree = "<group>";
		};
		0830779B2101D9FA0005DEF8 /* Model */ = {
			isa = PBXGroup;
			children = (
				1B4BB1EC21087308002F6503 /* Track.swift */,
				08368F0821097FEA00DCD0B1 /* Genre.swift */,
			);
			path = Model;
			sourceTree = "<group>";
		};
		0830779C2101DA030005DEF8 /* View */ = {
			isa = PBXGroup;
			children = (
				0830779E2101DA470005DEF8 /* HomeCollectionViewCell.swift */,
				0830779F2101DA470005DEF8 /* HomeCollectionViewCell.xib */,
				083077A42101DC4D0005DEF8 /* HomeTableViewCell.swift */,
				083077A52101DC4D0005DEF8 /* HomeTableViewCell.xib */,
			);
			path = View;
			sourceTree = "<group>";
		};
		0830779D2101DA0A0005DEF8 /* Controller */ = {
			isa = PBXGroup;
			children = (
				083077A22101DBB90005DEF8 /* HomeViewController.swift */,
			);
			path = Controller;
			sourceTree = "<group>";
		};
		08368F0A2109837800DCD0B1 /* Extension */ = {
			isa = PBXGroup;
			children = (
				08368F0B2109839300DCD0B1 /* ViewControllerExtension.swift */,
				084F4033210B0D66006E8415 /* SearchBarExtension.swift */,
				084F4035210B246A006E8415 /* ButtonExtension.swift */,
			);
			path = Extension;
			sourceTree = "<group>";
		};
		08475DE72105DFF90081D72A /* Search */ = {
			isa = PBXGroup;
			children = (
				08475DEA2105E0160081D72A /* Controller */,
				08475DE92105E00F0081D72A /* View */,
				08475DE82105E0080081D72A /* Model */,
			);
			path = Search;
			sourceTree = "<group>";
		};
		08475DE82105E0080081D72A /* Model */ = {
			isa = PBXGroup;
			children = (
				084F402F210AD715006E8415 /* SearchResponse.swift */,
				084F4031210AF8ED006E8415 /* TrackSearch.swift */,
			);
			path = Model;
			sourceTree = "<group>";
		};
		08475DE92105E00F0081D72A /* View */ = {
			isa = PBXGroup;
			children = (
				08475DF12105E4330081D72A /* ResultSearchCell.swift */,
				08475DF22105E4330081D72A /* ResultSearchCell.xib */,
				08475DF72105F2740081D72A /* ResultSearchView.swift */,
				08475DF52105F2600081D72A /* ResultSearchView.xib */,
				08475DFB210613EA0081D72A /* SuggestionSearchView.swift */,
				08475DF921060F240081D72A /* SuggestionSearchView.xib */,
				08475DFD2106152F0081D72A /* HistorySearchCell.swift */,
				08475DFE2106152F0081D72A /* HistorySearchCell.xib */,
			);
			path = View;
			sourceTree = "<group>";
		};
		08475DEA2105E0160081D72A /* Controller */ = {
			isa = PBXGroup;
			children = (
				08475DED2105E3520081D72A /* SearchViewController.swift */,
			);
			path = Controller;
			sourceTree = "<group>";
		};
		1B4BB1E921086DEE002F6503 /* Error */ = {
			isa = PBXGroup;
			children = (
				1B4BB1E5210864B8002F6503 /* BaseError.swift */,
				1B4BB1E721086653002F6503 /* ErrorResponse.swift */,
				1BCAA801210955AA00A389B9 /* HTTPStatusCode.swift */,
			);
			path = Error;
			sourceTree = "<group>";
		};
		1B545DFF21080C5900315EB1 /* API Manager */ = {
			isa = PBXGroup;
			children = (
				1B4BB1E921086DEE002F6503 /* Error */,
				1B545E04210810AD00315EB1 /* Response */,
				1B545E03210810A700315EB1 /* Request */,
				1B545E02210810A000315EB1 /* Router */,
				1B4BB1E121084CEB002F6503 /* APIManager.swift */,
				08368F0621096AEC00DCD0B1 /* APIKey.swift */,
				08C04289210AB07700003C6C /* Networking.swift */,
			);
			name = "API Manager";
			path = "New Group";
			sourceTree = "<group>";
		};
		1B545E02210810A000315EB1 /* Router */ = {
			isa = PBXGroup;
			children = (
				1B545E0021080E2200315EB1 /* BaseAPIRouter.swift */,
				1B545E052108116C00315EB1 /* GeneralAPIRouter.swift */,
			);
			path = Router;
			sourceTree = "<group>";
		};
		1B545E03210810A700315EB1 /* Request */ = {
			isa = PBXGroup;
			children = (
				084F4029210AD199006E8415 /* BaseRequest.swift */,
				084F4025210ACCA3006E8415 /* SearchRequest.swift */,
				084F402B210AD1CC006E8415 /* GenreRequest.swift */,
			);
			path = Request;
			sourceTree = "<group>";
		};
		1B545E04210810AD00315EB1 /* Response */ = {
			isa = PBXGroup;
			children = (
				1B4BB1EA21086F14002F6503 /* BaseResult.swift */,
			);
			path = Response;
			sourceTree = "<group>";
		};
		1B545E0721082DF700315EB1 /* Utils */ = {
			isa = PBXGroup;
			children = (
				1B545E0821082E1D00315EB1 /* Constants.swift */,
				1BCAA8072109B92900A389B9 /* Utils.swift */,
				1B3010E4210ACD0400354549 /* PlaySongManager.swift */,
			);
			path = Utils;
			sourceTree = "<group>";
		};
		1B6F88EB2105C6BF00CEB660 /* PlayingSong */ = {
			isa = PBXGroup;
			children = (
				1B6F88EC2105C6DF00CEB660 /* View */,
				1B6F88ED2105C6E700CEB660 /* Controller */,
			);
			path = PlayingSong;
			sourceTree = "<group>";
		};
		1B6F88EC2105C6DF00CEB660 /* View */ = {
			isa = PBXGroup;
			children = (
			);
			path = View;
			sourceTree = "<group>";
		};
		1B6F88ED2105C6E700CEB660 /* Controller */ = {
			isa = PBXGroup;
			children = (
				1B6F88EE2105CE5D00CEB660 /* PlaySongViewController.swift */,
			);
			path = Controller;
			sourceTree = "<group>";
		};
		1BCFE51E210EAA3F005D341C /* Animation */ = {
			isa = PBXGroup;
			children = (
				1BCFE51F210EAA73005D341C /* AnimationRotationViewController.swift */,
				1BCFE523210EAB73005D341C /* ImageViewExtension.swift */,
			);
			path = Animation;
			sourceTree = "<group>";
		};
		1BD6D3842106B7510085F699 /* CommonView */ = {
			isa = PBXGroup;
			children = (
				1BCFE51E210EAA3F005D341C /* Animation */,
				1BD6D3852106B77D0085F699 /* ImageButton */,
			);
			path = CommonView;
			sourceTree = "<group>";
		};
		1BD6D3852106B77D0085F699 /* ImageButton */ = {
			isa = PBXGroup;
			children = (
				1BE709CC2101E08100B855B6 /* ImageButton.xib */,
				1BE709CE2101E22E00B855B6 /* ImageButton.swift */,
			);
			path = ImageButton;
			sourceTree = "<group>";
		};
		1BD6D38D2106E0840085F699 /* CurrentSongPlaying */ = {
			isa = PBXGroup;
			children = (
				1BD6D38E2106E0940085F699 /* View */,
				1BD6D38F2106E09A0085F699 /* Controller */,
			);
			path = CurrentSongPlaying;
			sourceTree = "<group>";
		};
		1BD6D38E2106E0940085F699 /* View */ = {
			isa = PBXGroup;
			children = (
				1BD6D3902106E0BB0085F699 /* CurrentSongPlaying.xib */,
				1BFCC86D2106E3C600A509B8 /* CurrentSongPlaying.swift */,
			);
			path = View;
			sourceTree = "<group>";
		};
		1BD6D38F2106E09A0085F699 /* Controller */ = {
			isa = PBXGroup;
			children = (
			);
			path = Controller;
			sourceTree = "<group>";
		};
		1BE709C82101E03B00B855B6 /* CustomTabbar */ = {
			isa = PBXGroup;
			children = (
				1BE709CB2101E05D00B855B6 /* View */,
				1BE709C92101E04D00B855B6 /* Controller */,
			);
			path = CustomTabbar;
			sourceTree = "<group>";
		};
		1BE709C92101E04D00B855B6 /* Controller */ = {
			isa = PBXGroup;
			children = (
				1BE709D02101E81A00B855B6 /* CustomTabbarViewController.swift */,
			);
			path = Controller;
			sourceTree = "<group>";
		};
		1BE709CB2101E05D00B855B6 /* View */ = {
			isa = PBXGroup;
			children = (
			);
			path = View;
			sourceTree = "<group>";
		};
		1BFCC86F21070AFE00A509B8 /* CurrentPlaylist */ = {
			isa = PBXGroup;
			children = (
				1BFCC87021070B0C00A509B8 /* View */,
				1BFCC87121070B1200A509B8 /* Controller */,
			);
			path = CurrentPlaylist;
			sourceTree = "<group>";
		};
		1BFCC87021070B0C00A509B8 /* View */ = {
			isa = PBXGroup;
			children = (
				1BFCC87A21071EC700A509B8 /* CurrentPlaylistTableViewCell.swift */,
				1BFCC87B21071EC700A509B8 /* CurrentPlaylistTableViewCell.xib */,
			);
			path = View;
			sourceTree = "<group>";
		};
		1BFCC87121070B1200A509B8 /* Controller */ = {
			isa = PBXGroup;
			children = (
				1BFCC87421070D1100A509B8 /* CurrentPlaylistViewController.swift */,
			);
			path = Controller;
			sourceTree = "<group>";
		};
		6D30DDA5BF10B926F46E94B8 /* Pods */ = {
			isa = PBXGroup;
			children = (
				C5771D31AB662973F009C49F /* Pods-SoundCloud.debug.xcconfig */,
				FA5A8C4C5D7C5E79DB85F8C6 /* Pods-SoundCloud.release.xcconfig */,
			);
			name = Pods;
			sourceTree = "<group>";
		};
		7228CEF88F6BEF6350125E25 /* Frameworks */ = {
			isa = PBXGroup;
			children = (
				2967ECDA7E5A61F4F85185AB /* Pods_SoundCloud.framework */,
			);
			name = Frameworks;
			sourceTree = "<group>";
		};
/* End PBXGroup section */

/* Begin PBXNativeTarget section */
		08307781210191320005DEF8 /* SoundCloud */ = {
			isa = PBXNativeTarget;
			buildConfigurationList = 08307797210191320005DEF8 /* Build configuration list for PBXNativeTarget "SoundCloud" */;
			buildPhases = (
				75AA33FB3AB6AE214BF15E94 /* [CP] Check Pods Manifest.lock */,
				0830777E210191320005DEF8 /* Sources */,
				0830777F210191320005DEF8 /* Frameworks */,
				08307780210191320005DEF8 /* Resources */,
				6A7E6243FB784F4ADD931F67 /* [CP] Embed Pods Frameworks */,
			);
			buildRules = (
			);
			dependencies = (
			);
			name = SoundCloud;
			productName = SoundCloud;
			productReference = 08307782210191320005DEF8 /* SoundCloud.app */;
			productType = "com.apple.product-type.application";
		};
/* End PBXNativeTarget section */

/* Begin PBXProject section */
		0830777A210191320005DEF8 /* Project object */ = {
			isa = PBXProject;
			attributes = {
				LastSwiftUpdateCheck = 0940;
				LastUpgradeCheck = 0940;
				ORGANIZATIONNAME = "Do Hung";
				TargetAttributes = {
					08307781210191320005DEF8 = {
						CreatedOnToolsVersion = 9.4.1;
					};
				};
			};
			buildConfigurationList = 0830777D210191320005DEF8 /* Build configuration list for PBXProject "SoundCloud" */;
			compatibilityVersion = "Xcode 9.3";
			developmentRegion = en;
			hasScannedForEncodings = 0;
			knownRegions = (
				en,
				Base,
			);
			mainGroup = 08307779210191320005DEF8;
			productRefGroup = 08307783210191320005DEF8 /* Products */;
			projectDirPath = "";
			projectRoot = "";
			targets = (
				08307781210191320005DEF8 /* SoundCloud */,
			);
		};
/* End PBXProject section */

/* Begin PBXResourcesBuildPhase section */
		08307780210191320005DEF8 /* Resources */ = {
			isa = PBXResourcesBuildPhase;
			buildActionMask = 2147483647;
			files = (
				08475DFA21060F240081D72A /* SuggestionSearchView.xib in Resources */,
				08307793210191320005DEF8 /* LaunchScreen.storyboard in Resources */,
				08307790210191320005DEF8 /* Assets.xcassets in Resources */,
				0822F05E2106E10A00B59C14 /* PlaylistCell.xib in Resources */,
				083077A12101DA470005DEF8 /* HomeCollectionViewCell.xib in Resources */,
				08475E002106152F0081D72A /* HistorySearchCell.xib in Resources */,
				083077A72101DC4D0005DEF8 /* HomeTableViewCell.xib in Resources */,
				08475DF42105E4330081D72A /* ResultSearchCell.xib in Resources */,
				08475DF62105F2600081D72A /* ResultSearchView.xib in Resources */,
				1BE709CD2101E08100B855B6 /* ImageButton.xib in Resources */,
				0822F0532106C7BE00B59C14 /* LibraryCell.xib in Resources */,
				1BE709CD2101E08100B855B6 /* ImageButton.xib in Resources */,
				0830778B210191320005DEF8 /* Main.storyboard in Resources */,
				0822F0472106BBD900B59C14 /* TitleView.xib in Resources */,
				1BD6D3912106E0BB0085F699 /* CurrentSongPlaying.xib in Resources */,
				1BE709CD2101E08100B855B6 /* ImageButton.xib in Resources */,
				1BFCC87D21071EC700A509B8 /* CurrentPlaylistTableViewCell.xib in Resources */,
				1BE709C72101DF7300B855B6 /* Extra.storyboard in Resources */,
			);
			runOnlyForDeploymentPostprocessing = 0;
		};
/* End PBXResourcesBuildPhase section */

/* Begin PBXShellScriptBuildPhase section */
		6A7E6243FB784F4ADD931F67 /* [CP] Embed Pods Frameworks */ = {
			isa = PBXShellScriptBuildPhase;
			buildActionMask = 2147483647;
			files = (
			);
			inputPaths = (
				"${SRCROOT}/Pods/Target Support Files/Pods-SoundCloud/Pods-SoundCloud-frameworks.sh",
				"${BUILT_PRODUCTS_DIR}/Alamofire/Alamofire.framework",
				"${BUILT_PRODUCTS_DIR}/Kingfisher/Kingfisher.framework",
				"${BUILT_PRODUCTS_DIR}/ObjectMapper/ObjectMapper.framework",
				"${BUILT_PRODUCTS_DIR}/Reusable/Reusable.framework",
				"${BUILT_PRODUCTS_DIR}/SpringIndicator/SpringIndicator.framework",
			);
			name = "[CP] Embed Pods Frameworks";
			outputPaths = (
				"${TARGET_BUILD_DIR}/${FRAMEWORKS_FOLDER_PATH}/Alamofire.framework",
				"${TARGET_BUILD_DIR}/${FRAMEWORKS_FOLDER_PATH}/Kingfisher.framework",
				"${TARGET_BUILD_DIR}/${FRAMEWORKS_FOLDER_PATH}/ObjectMapper.framework",
				"${TARGET_BUILD_DIR}/${FRAMEWORKS_FOLDER_PATH}/Reusable.framework",
				"${TARGET_BUILD_DIR}/${FRAMEWORKS_FOLDER_PATH}/SpringIndicator.framework",
			);
			runOnlyForDeploymentPostprocessing = 0;
			shellPath = /bin/sh;
			shellScript = "\"${SRCROOT}/Pods/Target Support Files/Pods-SoundCloud/Pods-SoundCloud-frameworks.sh\"\n";
			showEnvVarsInLog = 0;
		};
		75AA33FB3AB6AE214BF15E94 /* [CP] Check Pods Manifest.lock */ = {
			isa = PBXShellScriptBuildPhase;
			buildActionMask = 2147483647;
			files = (
			);
			inputPaths = (
				"${PODS_PODFILE_DIR_PATH}/Podfile.lock",
				"${PODS_ROOT}/Manifest.lock",
			);
			name = "[CP] Check Pods Manifest.lock";
			outputPaths = (
				"$(DERIVED_FILE_DIR)/Pods-SoundCloud-checkManifestLockResult.txt",
			);
			runOnlyForDeploymentPostprocessing = 0;
			shellPath = /bin/sh;
			shellScript = "diff \"${PODS_PODFILE_DIR_PATH}/Podfile.lock\" \"${PODS_ROOT}/Manifest.lock\" > /dev/null\nif [ $? != 0 ] ; then\n    # print error to STDERR\n    echo \"error: The sandbox is not in sync with the Podfile.lock. Run 'pod install' or update your CocoaPods installation.\" >&2\n    exit 1\nfi\n# This output is used by Xcode 'outputs' to avoid re-running this script phase.\necho \"SUCCESS\" > \"${SCRIPT_OUTPUT_FILE_0}\"\n";
			showEnvVarsInLog = 0;
		};
/* End PBXShellScriptBuildPhase section */

/* Begin PBXSourcesBuildPhase section */
		0830777E210191320005DEF8 /* Sources */ = {
			isa = PBXSourcesBuildPhase;
			buildActionMask = 2147483647;
			files = (
				1B545E062108116C00315EB1 /* GeneralAPIRouter.swift in Sources */,
				1BCFE524210EAB73005D341C /* ImageViewExtension.swift in Sources */,
				0822F05A2106DF6300B59C14 /* ImageButton.swift in Sources */,
				0822F0522106C7BE00B59C14 /* LibraryCell.swift in Sources */,
				1BFCC86E2106E3C600A509B8 /* CurrentSongPlaying.swift in Sources */,
				083077A62101DC4D0005DEF8 /* HomeTableViewCell.swift in Sources */,
				1B4BB1E6210864B8002F6503 /* BaseError.swift in Sources */,
				1BFCC87521070D1100A509B8 /* CurrentPlaylistViewController.swift in Sources */,
				0822F06421071B5F00B59C14 /* ListSongViewController.swift in Sources */,
				1B4BB1EB21086F14002F6503 /* BaseResult.swift in Sources */,
				1B6F88EF2105CE5D00CEB660 /* PlaySongViewController.swift in Sources */,
				1BCAA8082109B92900A389B9 /* Utils.swift in Sources */,
				1B545E0121080E2200315EB1 /* BaseAPIRouter.swift in Sources */,
				084F402A210AD199006E8415 /* BaseRequest.swift in Sources */,
				083077A32101DBB90005DEF8 /* HomeViewController.swift in Sources */,
				08475DF82105F2740081D72A /* ResultSearchView.swift in Sources */,
				1B4BB1E221084CEB002F6503 /* APIManager.swift in Sources */,
				1BCFE520210EAA73005D341C /* AnimationRotationViewController.swift in Sources */,
				08475DEE2105E3520081D72A /* SearchViewController.swift in Sources */,
				08368F0721096AEC00DCD0B1 /* APIKey.swift in Sources */,
				1B4BB1E821086653002F6503 /* ErrorResponse.swift in Sources */,
				0822F04F2106C6F200B59C14 /* LibraryViewController.swift in Sources */,
				0830778E210191320005DEF8 /* SoundCloud.xcdatamodeld in Sources */,
				08368F0C2109839300DCD0B1 /* ViewControllerExtension.swift in Sources */,
				084F4036210B246A006E8415 /* ButtonExtension.swift in Sources */,
				084F4026210ACCA3006E8415 /* SearchRequest.swift in Sources */,
				08475DFC210613EA0081D72A /* SuggestionSearchView.swift in Sources */,
				0822F0592106D12100B59C14 /* PlaylistViewController.swift in Sources */,
				084F4034210B0D66006E8415 /* SearchBarExtension.swift in Sources */,
				0822F05D2106E10A00B59C14 /* PlaylistCell.swift in Sources */,
				08475DFF2106152F0081D72A /* HistorySearchCell.swift in Sources */,
				08475DF32105E4330081D72A /* ResultSearchCell.swift in Sources */,
				08C0428A210AB07700003C6C /* Networking.swift in Sources */,
				083077A02101DA470005DEF8 /* HomeCollectionViewCell.swift in Sources */,
				1B3010E5210ACD0400354549 /* PlaySongManager.swift in Sources */,
				1BFCC87C21071EC700A509B8 /* CurrentPlaylistTableViewCell.swift in Sources */,
				1B4BB1ED21087308002F6503 /* Track.swift in Sources */,
				1BE709D12101E81A00B855B6 /* CustomTabbarViewController.swift in Sources */,
				08307786210191320005DEF8 /* AppDelegate.swift in Sources */,
				1BCAA802210955AA00A389B9 /* HTTPStatusCode.swift in Sources */,
				0822F0492106BF9D00B59C14 /* TitleView.swift in Sources */,
				084F4030210AD715006E8415 /* SearchResponse.swift in Sources */,
				1B545E0921082E1D00315EB1 /* Constants.swift in Sources */,
				08368F0921097FEA00DCD0B1 /* Genre.swift in Sources */,
				084F402C210AD1CC006E8415 /* GenreRequest.swift in Sources */,
				084F4032210AF8ED006E8415 /* TrackSearch.swift in Sources */,
			);
			runOnlyForDeploymentPostprocessing = 0;
		};
/* End PBXSourcesBuildPhase section */

/* Begin PBXVariantGroup section */
		08307789210191320005DEF8 /* Main.storyboard */ = {
			isa = PBXVariantGroup;
			children = (
				0830778A210191320005DEF8 /* Base */,
			);
			name = Main.storyboard;
			sourceTree = "<group>";
		};
		08307791210191320005DEF8 /* LaunchScreen.storyboard */ = {
			isa = PBXVariantGroup;
			children = (
				08307792210191320005DEF8 /* Base */,
			);
			name = LaunchScreen.storyboard;
			sourceTree = "<group>";
		};
/* End PBXVariantGroup section */

/* Begin XCBuildConfiguration section */
		08307795210191320005DEF8 /* Debug */ = {
			isa = XCBuildConfiguration;
			buildSettings = {
				ALWAYS_SEARCH_USER_PATHS = NO;
				CLANG_ANALYZER_NONNULL = YES;
				CLANG_ANALYZER_NUMBER_OBJECT_CONVERSION = YES_AGGRESSIVE;
				CLANG_CXX_LANGUAGE_STANDARD = "gnu++14";
				CLANG_CXX_LIBRARY = "libc++";
				CLANG_ENABLE_MODULES = YES;
				CLANG_ENABLE_OBJC_ARC = YES;
				CLANG_ENABLE_OBJC_WEAK = YES;
				CLANG_WARN_BLOCK_CAPTURE_AUTORELEASING = YES;
				CLANG_WARN_BOOL_CONVERSION = YES;
				CLANG_WARN_COMMA = YES;
				CLANG_WARN_CONSTANT_CONVERSION = YES;
				CLANG_WARN_DEPRECATED_OBJC_IMPLEMENTATIONS = YES;
				CLANG_WARN_DIRECT_OBJC_ISA_USAGE = YES_ERROR;
				CLANG_WARN_DOCUMENTATION_COMMENTS = YES;
				CLANG_WARN_EMPTY_BODY = YES;
				CLANG_WARN_ENUM_CONVERSION = YES;
				CLANG_WARN_INFINITE_RECURSION = YES;
				CLANG_WARN_INT_CONVERSION = YES;
				CLANG_WARN_NON_LITERAL_NULL_CONVERSION = YES;
				CLANG_WARN_OBJC_IMPLICIT_RETAIN_SELF = YES;
				CLANG_WARN_OBJC_LITERAL_CONVERSION = YES;
				CLANG_WARN_OBJC_ROOT_CLASS = YES_ERROR;
				CLANG_WARN_RANGE_LOOP_ANALYSIS = YES;
				CLANG_WARN_STRICT_PROTOTYPES = YES;
				CLANG_WARN_SUSPICIOUS_MOVE = YES;
				CLANG_WARN_UNGUARDED_AVAILABILITY = YES_AGGRESSIVE;
				CLANG_WARN_UNREACHABLE_CODE = YES;
				CLANG_WARN__DUPLICATE_METHOD_MATCH = YES;
				CODE_SIGN_IDENTITY = "iPhone Developer";
				COPY_PHASE_STRIP = NO;
				DEBUG_INFORMATION_FORMAT = dwarf;
				ENABLE_STRICT_OBJC_MSGSEND = YES;
				ENABLE_TESTABILITY = YES;
				GCC_C_LANGUAGE_STANDARD = gnu11;
				GCC_DYNAMIC_NO_PIC = NO;
				GCC_NO_COMMON_BLOCKS = YES;
				GCC_OPTIMIZATION_LEVEL = 0;
				GCC_PREPROCESSOR_DEFINITIONS = (
					"DEBUG=1",
					"$(inherited)",
				);
				GCC_WARN_64_TO_32_BIT_CONVERSION = YES;
				GCC_WARN_ABOUT_RETURN_TYPE = YES_ERROR;
				GCC_WARN_UNDECLARED_SELECTOR = YES;
				GCC_WARN_UNINITIALIZED_AUTOS = YES_AGGRESSIVE;
				GCC_WARN_UNUSED_FUNCTION = YES;
				GCC_WARN_UNUSED_VARIABLE = YES;
				IPHONEOS_DEPLOYMENT_TARGET = 11.4;
				MTL_ENABLE_DEBUG_INFO = YES;
				ONLY_ACTIVE_ARCH = YES;
				SDKROOT = iphoneos;
				SWIFT_ACTIVE_COMPILATION_CONDITIONS = DEBUG;
				SWIFT_OPTIMIZATION_LEVEL = "-Onone";
			};
			name = Debug;
		};
		08307796210191320005DEF8 /* Release */ = {
			isa = XCBuildConfiguration;
			buildSettings = {
				ALWAYS_SEARCH_USER_PATHS = NO;
				CLANG_ANALYZER_NONNULL = YES;
				CLANG_ANALYZER_NUMBER_OBJECT_CONVERSION = YES_AGGRESSIVE;
				CLANG_CXX_LANGUAGE_STANDARD = "gnu++14";
				CLANG_CXX_LIBRARY = "libc++";
				CLANG_ENABLE_MODULES = YES;
				CLANG_ENABLE_OBJC_ARC = YES;
				CLANG_ENABLE_OBJC_WEAK = YES;
				CLANG_WARN_BLOCK_CAPTURE_AUTORELEASING = YES;
				CLANG_WARN_BOOL_CONVERSION = YES;
				CLANG_WARN_COMMA = YES;
				CLANG_WARN_CONSTANT_CONVERSION = YES;
				CLANG_WARN_DEPRECATED_OBJC_IMPLEMENTATIONS = YES;
				CLANG_WARN_DIRECT_OBJC_ISA_USAGE = YES_ERROR;
				CLANG_WARN_DOCUMENTATION_COMMENTS = YES;
				CLANG_WARN_EMPTY_BODY = YES;
				CLANG_WARN_ENUM_CONVERSION = YES;
				CLANG_WARN_INFINITE_RECURSION = YES;
				CLANG_WARN_INT_CONVERSION = YES;
				CLANG_WARN_NON_LITERAL_NULL_CONVERSION = YES;
				CLANG_WARN_OBJC_IMPLICIT_RETAIN_SELF = YES;
				CLANG_WARN_OBJC_LITERAL_CONVERSION = YES;
				CLANG_WARN_OBJC_ROOT_CLASS = YES_ERROR;
				CLANG_WARN_RANGE_LOOP_ANALYSIS = YES;
				CLANG_WARN_STRICT_PROTOTYPES = YES;
				CLANG_WARN_SUSPICIOUS_MOVE = YES;
				CLANG_WARN_UNGUARDED_AVAILABILITY = YES_AGGRESSIVE;
				CLANG_WARN_UNREACHABLE_CODE = YES;
				CLANG_WARN__DUPLICATE_METHOD_MATCH = YES;
				CODE_SIGN_IDENTITY = "iPhone Developer";
				COPY_PHASE_STRIP = NO;
				DEBUG_INFORMATION_FORMAT = "dwarf-with-dsym";
				ENABLE_NS_ASSERTIONS = NO;
				ENABLE_STRICT_OBJC_MSGSEND = YES;
				GCC_C_LANGUAGE_STANDARD = gnu11;
				GCC_NO_COMMON_BLOCKS = YES;
				GCC_WARN_64_TO_32_BIT_CONVERSION = YES;
				GCC_WARN_ABOUT_RETURN_TYPE = YES_ERROR;
				GCC_WARN_UNDECLARED_SELECTOR = YES;
				GCC_WARN_UNINITIALIZED_AUTOS = YES_AGGRESSIVE;
				GCC_WARN_UNUSED_FUNCTION = YES;
				GCC_WARN_UNUSED_VARIABLE = YES;
				IPHONEOS_DEPLOYMENT_TARGET = 11.4;
				MTL_ENABLE_DEBUG_INFO = NO;
				SDKROOT = iphoneos;
				SWIFT_COMPILATION_MODE = wholemodule;
				SWIFT_OPTIMIZATION_LEVEL = "-O";
				VALIDATE_PRODUCT = YES;
			};
			name = Release;
		};
		08307798210191320005DEF8 /* Debug */ = {
			isa = XCBuildConfiguration;
			baseConfigurationReference = C5771D31AB662973F009C49F /* Pods-SoundCloud.debug.xcconfig */;
			buildSettings = {
				ASSETCATALOG_COMPILER_APPICON_NAME = AppIcon;
				CODE_SIGN_STYLE = Automatic;
				DEVELOPMENT_TEAM = "";
				INFOPLIST_FILE = SoundCloud/Info.plist;
				IPHONEOS_DEPLOYMENT_TARGET = 10.1;
				LD_RUNPATH_SEARCH_PATHS = (
					"$(inherited)",
					"@executable_path/Frameworks",
				);
				PRODUCT_BUNDLE_IDENTIFIER = shin.SoundCloud;
				PRODUCT_NAME = "$(TARGET_NAME)";
				SWIFT_VERSION = 4.0;
				TARGETED_DEVICE_FAMILY = "1,2";
			};
			name = Debug;
		};
		08307799210191320005DEF8 /* Release */ = {
			isa = XCBuildConfiguration;
			baseConfigurationReference = FA5A8C4C5D7C5E79DB85F8C6 /* Pods-SoundCloud.release.xcconfig */;
			buildSettings = {
				ASSETCATALOG_COMPILER_APPICON_NAME = AppIcon;
				CODE_SIGN_STYLE = Automatic;
				DEVELOPMENT_TEAM = "";
				INFOPLIST_FILE = SoundCloud/Info.plist;
				IPHONEOS_DEPLOYMENT_TARGET = 10.1;
				LD_RUNPATH_SEARCH_PATHS = (
					"$(inherited)",
					"@executable_path/Frameworks",
				);
				PRODUCT_BUNDLE_IDENTIFIER = shin.SoundCloud;
				PRODUCT_NAME = "$(TARGET_NAME)";
				SWIFT_VERSION = 4.0;
				TARGETED_DEVICE_FAMILY = "1,2";
			};
			name = Release;
		};
/* End XCBuildConfiguration section */

/* Begin XCConfigurationList section */
		0830777D210191320005DEF8 /* Build configuration list for PBXProject "SoundCloud" */ = {
			isa = XCConfigurationList;
			buildConfigurations = (
				08307795210191320005DEF8 /* Debug */,
				08307796210191320005DEF8 /* Release */,
			);
			defaultConfigurationIsVisible = 0;
			defaultConfigurationName = Release;
		};
		08307797210191320005DEF8 /* Build configuration list for PBXNativeTarget "SoundCloud" */ = {
			isa = XCConfigurationList;
			buildConfigurations = (
				08307798210191320005DEF8 /* Debug */,
				08307799210191320005DEF8 /* Release */,
			);
			defaultConfigurationIsVisible = 0;
			defaultConfigurationName = Release;
		};
/* End XCConfigurationList section */

/* Begin XCVersionGroup section */
		0830778C210191320005DEF8 /* SoundCloud.xcdatamodeld */ = {
			isa = XCVersionGroup;
			children = (
				0830778D210191320005DEF8 /* SoundCloud.xcdatamodel */,
			);
			currentVersion = 0830778D210191320005DEF8 /* SoundCloud.xcdatamodel */;
			path = SoundCloud.xcdatamodeld;
			sourceTree = "<group>";
			versionGroupType = wrapper.xcdatamodel;
		};
/* End XCVersionGroup section */
	};
	rootObject = 0830777A210191320005DEF8 /* Project object */;
}
